
Microsoft Visual Studio Solution File, Format Version 12.00
# Visual Studio Version 17
VisualStudioVersion = 17.10.35013.160
MinimumVisualStudioVersion = 10.0.40219.1
Project("{9A19103F-16F7-4668-BE54-9A1E7A4F7556}") = "ChatApp", "ChatApp\ChatApp.csproj", "{55D7B740-E44E-4566-9874-186BB33CD762}"
EndProject
Project("{9A19103F-16F7-4668-BE54-9A1E7A4F7556}") = "ChatApp.Client", "ChatApp.Client\ChatApp.Client.csproj", "{F9EA83DA-7AE7-4798-B729-B3727D5702A9}"
EndProject
Global
	GlobalSection(SolutionConfigurationPlatforms) = preSolution
		Debug|Any CPU = Debug|Any CPU
		Release|Any CPU = Release|Any CPU
	EndGlobalSection
	GlobalSection(ProjectConfigurationPlatforms) = postSolution
		{55D7B740-E44E-4566-9874-186BB33CD762}.Debug|Any CPU.ActiveCfg = Debug|Any CPU
		{55D7B740-E44E-4566-9874-186BB33CD762}.Debug|Any CPU.Build.0 = Debug|Any CPU
		{55D7B740-E44E-4566-9874-186BB33CD762}.Release|Any CPU.ActiveCfg = Release|Any CPU
		{55D7B740-E44E-4566-9874-186BB33CD762}.Release|Any CPU.Build.0 = Release|Any CPU
		{F9EA83DA-7AE7-4798-B729-B3727D5702A9}.Debug|Any CPU.ActiveCfg = Debug|Any CPU
		{F9EA83DA-7AE7-4798-B729-B3727D5702A9}.Debug|Any CPU.Build.0 = Debug|Any CPU
		{F9EA83DA-7AE7-4798-B729-B3727D5702A9}.Release|Any CPU.ActiveCfg = Release|Any CPU
		{F9EA83DA-7AE7-4798-B729-B3727D5702A9}.Release|Any CPU.Build.0 = Release|Any CPU
	EndGlobalSection
	GlobalSection(SolutionProperties) = preSolution
		HideSolutionNode = FALSE
	EndGlobalSection
	GlobalSection(ExtensibilityGlobals) = postSolution
		SolutionGuid = {8B8E6ACA-A5CA-42DC-8339-A53A74EEBA2A}
	EndGlobalSection
EndGlobal
